// !$*UTF8*$!
{
	archiveVersion = 1;
	classes = {
	};
	objectVersion = 50;
	objects = {

/* Begin PBXBuildFile section */
		A76226FA2142688F00F2D487 /* download.cpp in Sources */ = {isa = PBXBuildFile; fileRef = A76226F82142688F00F2D487 /* download.cpp */; };
		A7F4C75520EF11D2004B1E44 /* countline.cpp in Sources */ = {isa = PBXBuildFile; fileRef = A7F4C74720EF11D1004B1E44 /* countline.cpp */; };
		A7F4C75620EF11D2004B1E44 /* ReadXML.cpp in Sources */ = {isa = PBXBuildFile; fileRef = A7F4C74820EF11D1004B1E44 /* ReadXML.cpp */; };
		A7F4C75720EF11D2004B1E44 /* isnumber.cpp in Sources */ = {isa = PBXBuildFile; fileRef = A7F4C74920EF11D2004B1E44 /* isnumber.cpp */; };
		A7F4C75820EF11D2004B1E44 /* ReadProfile.cpp in Sources */ = {isa = PBXBuildFile; fileRef = A7F4C74A20EF11D2004B1E44 /* ReadProfile.cpp */; };
		A7F4C75920EF11D2004B1E44 /* CreateProfile.cpp in Sources */ = {isa = PBXBuildFile; fileRef = A7F4C74B20EF11D2004B1E44 /* CreateProfile.cpp */; };
		A7F4C75A20EF11D2004B1E44 /* SAD.cpp in Sources */ = {isa = PBXBuildFile; fileRef = A7F4C74C20EF11D2004B1E44 /* SAD.cpp */; };
		A7F4C75B20EF11D2004B1E44 /* readfile.cpp in Sources */ = {isa = PBXBuildFile; fileRef = A7F4C74D20EF11D2004B1E44 /* readfile.cpp */; };
		A7F4C75C20EF11D2004B1E44 /* fexists.cpp in Sources */ = {isa = PBXBuildFile; fileRef = A7F4C74E20EF11D2004B1E44 /* fexists.cpp */; };
		A7F4C75D20EF11D2004B1E44 /* SearchProfile.cpp in Sources */ = {isa = PBXBuildFile; fileRef = A7F4C74F20EF11D2004B1E44 /* SearchProfile.cpp */; };
		A7F4C75F20EF11D2004B1E44 /* Search.cpp in Sources */ = {isa = PBXBuildFile; fileRef = A7F4C75120EF11D2004B1E44 /* Search.cpp */; };
		A7F4C76120EF11D2004B1E44 /* Product.cpp in Sources */ = {isa = PBXBuildFile; fileRef = A7F4C75320EF11D2004B1E44 /* Product.cpp */; };
		A7F4C76220EF11D2004B1E44 /* Configure.cpp in Sources */ = {isa = PBXBuildFile; fileRef = A7F4C75420EF11D2004B1E44 /* Configure.cpp */; };
		A7F4C76B20EF1295004B1E44 /* libxerces-c-3.2.a in Frameworks */ = {isa = PBXBuildFile; fileRef = A7F4C76A20EF1295004B1E44 /* libxerces-c-3.2.a */; };
		A7F4C76F20EF1B7D004B1E44 /* libcurl.tbd in Frameworks */ = {isa = PBXBuildFile; fileRef = A7F4C76E20EF1B7D004B1E44 /* libcurl.tbd */; };
/* End PBXBuildFile section */

/* Begin PBXCopyFilesBuildPhase section */
		A7AEF27520E67DE0007AD6A4 /* CopyFiles */ = {
			isa = PBXCopyFilesBuildPhase;
			buildActionMask = 2147483647;
			dstPath = /usr/share/man/man1/;
			dstSubfolderSpec = 0;
			files = (
			);
			runOnlyForDeploymentPostprocessing = 1;
		};
		A7F4C73B20EF112F004B1E44 /* CopyFiles */ = {
			isa = PBXCopyFilesBuildPhase;
			buildActionMask = 2147483647;
			dstPath = /usr/share/man/man1/;
			dstSubfolderSpec = 0;
			files = (
			);
			runOnlyForDeploymentPostprocessing = 1;
		};
/* End PBXCopyFilesBuildPhase section */

/* Begin PBXFileReference section */
		A76226F82142688F00F2D487 /* download.cpp */ = {isa = PBXFileReference; lastKnownFileType = sourcecode.cpp.cpp; name = download.cpp; path = Sentinel_Auto_Downloader/src/download.cpp; sourceTree = SOURCE_ROOT; };
		A7AEF27720E67DE0007AD6A4 /* Sentinel Auto Downloader */ = {isa = PBXFileReference; explicitFileType = "compiled.mach-o.executable"; includeInIndex = 0; name = "Sentinel Auto Downloader"; path = sad; sourceTree = BUILT_PRODUCTS_DIR; };
		A7C4202F2189A9AF00211DFD /* download.hpp */ = {isa = PBXFileReference; fileEncoding = 4; lastKnownFileType = sourcecode.cpp.h; name = download.hpp; path = Sentinel_Auto_Downloader/include/download.hpp; sourceTree = "<group>"; };
		A7F4C73D20EF112F004B1E44 /* SAD */ = {isa = PBXFileReference; explicitFileType = "compiled.mach-o.executable"; includeInIndex = 0; path = SAD; sourceTree = BUILT_PRODUCTS_DIR; };
		A7F4C74720EF11D1004B1E44 /* countline.cpp */ = {isa = PBXFileReference; fileEncoding = 4; lastKnownFileType = sourcecode.cpp.cpp; name = countline.cpp; path = Sentinel_Auto_Downloader/src/countline.cpp; sourceTree = SOURCE_ROOT; };
		A7F4C74820EF11D1004B1E44 /* ReadXML.cpp */ = {isa = PBXFileReference; fileEncoding = 4; lastKnownFileType = sourcecode.cpp.cpp; name = ReadXML.cpp; path = Sentinel_Auto_Downloader/src/ReadXML.cpp; sourceTree = SOURCE_ROOT; };
		A7F4C74920EF11D2004B1E44 /* isnumber.cpp */ = {isa = PBXFileReference; fileEncoding = 4; lastKnownFileType = sourcecode.cpp.cpp; name = isnumber.cpp; path = Sentinel_Auto_Downloader/src/isnumber.cpp; sourceTree = SOURCE_ROOT; };
		A7F4C74A20EF11D2004B1E44 /* ReadProfile.cpp */ = {isa = PBXFileReference; fileEncoding = 4; lastKnownFileType = sourcecode.cpp.cpp; name = ReadProfile.cpp; path = Sentinel_Auto_Downloader/src/ReadProfile.cpp; sourceTree = SOURCE_ROOT; };
		A7F4C74B20EF11D2004B1E44 /* CreateProfile.cpp */ = {isa = PBXFileReference; fileEncoding = 4; lastKnownFileType = sourcecode.cpp.cpp; name = CreateProfile.cpp; path = Sentinel_Auto_Downloader/src/CreateProfile.cpp; sourceTree = SOURCE_ROOT; };
		A7F4C74C20EF11D2004B1E44 /* SAD.cpp */ = {isa = PBXFileReference; fileEncoding = 4; lastKnownFileType = sourcecode.cpp.cpp; name = SAD.cpp; path = Sentinel_Auto_Downloader/src/SAD.cpp; sourceTree = SOURCE_ROOT; };
		A7F4C74D20EF11D2004B1E44 /* readfile.cpp */ = {isa = PBXFileReference; fileEncoding = 4; lastKnownFileType = sourcecode.cpp.cpp; name = readfile.cpp; path = Sentinel_Auto_Downloader/src/readfile.cpp; sourceTree = SOURCE_ROOT; };
		A7F4C74E20EF11D2004B1E44 /* fexists.cpp */ = {isa = PBXFileReference; fileEncoding = 4; lastKnownFileType = sourcecode.cpp.cpp; name = fexists.cpp; path = Sentinel_Auto_Downloader/src/fexists.cpp; sourceTree = SOURCE_ROOT; };
		A7F4C74F20EF11D2004B1E44 /* SearchProfile.cpp */ = {isa = PBXFileReference; fileEncoding = 4; lastKnownFileType = sourcecode.cpp.cpp; name = SearchProfile.cpp; path = Sentinel_Auto_Downloader/src/SearchProfile.cpp; sourceTree = SOURCE_ROOT; };
		A7F4C75120EF11D2004B1E44 /* Search.cpp */ = {isa = PBXFileReference; fileEncoding = 4; lastKnownFileType = sourcecode.cpp.cpp; name = Search.cpp; path = Sentinel_Auto_Downloader/src/Search.cpp; sourceTree = SOURCE_ROOT; };
		A7F4C75320EF11D2004B1E44 /* Product.cpp */ = {isa = PBXFileReference; fileEncoding = 4; lastKnownFileType = sourcecode.cpp.cpp; name = Product.cpp; path = Sentinel_Auto_Downloader/src/Product.cpp; sourceTree = SOURCE_ROOT; };
		A7F4C75420EF11D2004B1E44 /* Configure.cpp */ = {isa = PBXFileReference; fileEncoding = 4; lastKnownFileType = sourcecode.cpp.cpp; name = Configure.cpp; path = Sentinel_Auto_Downloader/src/Configure.cpp; sourceTree = SOURCE_ROOT; };
		A7F4C76620EF1239004B1E44 /* SearchProfile.h */ = {isa = PBXFileReference; lastKnownFileType = sourcecode.c.h; name = SearchProfile.h; path = Sentinel_Auto_Downloader/include/SearchProfile.h; sourceTree = "<group>"; };
		A7F4C76720EF1239004B1E44 /* sad.h */ = {isa = PBXFileReference; lastKnownFileType = sourcecode.c.h; name = sad.h; path = Sentinel_Auto_Downloader/include/sad.h; sourceTree = "<group>"; };
		A7F4C76820EF1239004B1E44 /* Product.h */ = {isa = PBXFileReference; lastKnownFileType = sourcecode.c.h; name = Product.h; path = Sentinel_Auto_Downloader/include/Product.h; sourceTree = "<group>"; };
		A7F4C76A20EF1295004B1E44 /* libxerces-c-3.2.a */ = {isa = PBXFileReference; lastKnownFileType = archive.ar; name = "libxerces-c-3.2.a"; path = "Sentinel_Auto_Downloader/lib/libxerces-c-3.2.a"; sourceTree = "<group>"; };
		A7F4C76C20EF1627004B1E44 /* libcurl.a */ = {isa = PBXFileReference; lastKnownFileType = archive.ar; name = libcurl.a; path = Sentinel_Auto_Downloader/lib/libcurl.a; sourceTree = "<group>"; };
		A7F4C76E20EF1B7D004B1E44 /* libcurl.tbd */ = {isa = PBXFileReference; lastKnownFileType = "sourcecode.text-based-dylib-definition"; name = libcurl.tbd; path = usr/lib/libcurl.tbd; sourceTree = SDKROOT; };
/* End PBXFileReference section */

/* Begin PBXFrameworksBuildPhase section */
		A7AEF27420E67DE0007AD6A4 /* Frameworks */ = {
			isa = PBXFrameworksBuildPhase;
			buildActionMask = 2147483647;
			files = (
				A7F4C76F20EF1B7D004B1E44 /* libcurl.tbd in Frameworks */,
				A7F4C76B20EF1295004B1E44 /* libxerces-c-3.2.a in Frameworks */,
			);
			runOnlyForDeploymentPostprocessing = 0;
		};
		A7F4C73A20EF112F004B1E44 /* Frameworks */ = {
			isa = PBXFrameworksBuildPhase;
			buildActionMask = 2147483647;
			files = (
			);
			runOnlyForDeploymentPostprocessing = 0;
		};
/* End PBXFrameworksBuildPhase section */

/* Begin PBXGroup section */
		A7AEF26E20E67DE0007AD6A4 = {
			isa = PBXGroup;
			children = (
				A7F4C74420EF1194004B1E44 /* Sentinel Auto Downloader */,
				A7AEF27820E67DE0007AD6A4 /* Products */,
				A7F4C76920EF1295004B1E44 /* Frameworks */,
			);
			sourceTree = "<group>";
		};
		A7AEF27820E67DE0007AD6A4 /* Products */ = {
			isa = PBXGroup;
			children = (
				A7AEF27720E67DE0007AD6A4 /* Sentinel Auto Downloader */,
				A7F4C73D20EF112F004B1E44 /* SAD */,
			);
			name = Products;
			sourceTree = "<group>";
		};
		A7F4C74420EF1194004B1E44 /* Sentinel Auto Downloader */ = {
			isa = PBXGroup;
			children = (
				A7F4C74620EF11AA004B1E44 /* include */,
				A7F4C74520EF11A5004B1E44 /* src */,
			);
			name = "Sentinel Auto Downloader";
			sourceTree = "<group>";
		};
		A7F4C74520EF11A5004B1E44 /* src */ = {
			isa = PBXGroup;
			children = (
				A7F4C75420EF11D2004B1E44 /* Configure.cpp */,
				A76226F82142688F00F2D487 /* download.cpp */,
				A7F4C74720EF11D1004B1E44 /* countline.cpp */,
				A7F4C74B20EF11D2004B1E44 /* CreateProfile.cpp */,
				A7F4C74E20EF11D2004B1E44 /* fexists.cpp */,
				A7F4C74920EF11D2004B1E44 /* isnumber.cpp */,
				A7F4C75320EF11D2004B1E44 /* Product.cpp */,
				A7F4C74D20EF11D2004B1E44 /* readfile.cpp */,
				A7F4C74A20EF11D2004B1E44 /* ReadProfile.cpp */,
				A7F4C74820EF11D1004B1E44 /* ReadXML.cpp */,
				A7F4C74C20EF11D2004B1E44 /* SAD.cpp */,
				A7F4C75120EF11D2004B1E44 /* Search.cpp */,
				A7F4C74F20EF11D2004B1E44 /* SearchProfile.cpp */,
			);
			path = src;
			sourceTree = "<group>";
		};
		A7F4C74620EF11AA004B1E44 /* include */ = {
			isa = PBXGroup;
			children = (
				A7C4202F2189A9AF00211DFD /* download.hpp */,
				A7F4C76820EF1239004B1E44 /* Product.h */,
				A7F4C76720EF1239004B1E44 /* sad.h */,
				A7F4C76620EF1239004B1E44 /* SearchProfile.h */,
			);
			name = include;
			sourceTree = "<group>";
		};
		A7F4C76920EF1295004B1E44 /* Frameworks */ = {
			isa = PBXGroup;
			children = (
				A7F4C76E20EF1B7D004B1E44 /* libcurl.tbd */,
				A7F4C76C20EF1627004B1E44 /* libcurl.a */,
				A7F4C76A20EF1295004B1E44 /* libxerces-c-3.2.a */,
			);
			name = Frameworks;
			sourceTree = "<group>";
		};
/* End PBXGroup section */

/* Begin PBXNativeTarget section */
		A7AEF27620E67DE0007AD6A4 /* Sentinel Auto Downloader */ = {
			isa = PBXNativeTarget;
			buildConfigurationList = A7AEF27E20E67DE0007AD6A4 /* Build configuration list for PBXNativeTarget "Sentinel Auto Downloader" */;
			buildPhases = (
				A7AEF27320E67DE0007AD6A4 /* Sources */,
				A7AEF27420E67DE0007AD6A4 /* Frameworks */,
				A7AEF27520E67DE0007AD6A4 /* CopyFiles */,
			);
			buildRules = (
			);
			dependencies = (
			);
			name = "Sentinel Auto Downloader";
			productName = "Sentinel Auto Downloader";
			productReference = A7AEF27720E67DE0007AD6A4 /* Sentinel Auto Downloader */;
			productType = "com.apple.product-type.tool";
		};
		A7F4C73C20EF112F004B1E44 /* SAD */ = {
			isa = PBXNativeTarget;
			buildConfigurationList = A7F4C74120EF1130004B1E44 /* Build configuration list for PBXNativeTarget "SAD" */;
			buildPhases = (
				A7F4C73920EF112F004B1E44 /* Sources */,
				A7F4C73A20EF112F004B1E44 /* Frameworks */,
				A7F4C73B20EF112F004B1E44 /* CopyFiles */,
			);
			buildRules = (
			);
			dependencies = (
			);
			name = SAD;
			productName = SAD;
			productReference = A7F4C73D20EF112F004B1E44 /* SAD */;
			productType = "com.apple.product-type.tool";
		};
/* End PBXNativeTarget section */

/* Begin PBXProject section */
		A7AEF26F20E67DE0007AD6A4 /* Project object */ = {
			isa = PBXProject;
			attributes = {
				LastUpgradeCheck = 0940;
				ORGANIZATIONNAME = "Constantine VI";
				TargetAttributes = {
					A7AEF27620E67DE0007AD6A4 = {
						CreatedOnToolsVersion = 9.4.1;
					};
					A7F4C73C20EF112F004B1E44 = {
						CreatedOnToolsVersion = 9.4.1;
					};
				};
			};
			buildConfigurationList = A7AEF27220E67DE0007AD6A4 /* Build configuration list for PBXProject "Sentinel Auto Downloader" */;
			compatibilityVersion = "Xcode 9.3";
			developmentRegion = en;
			hasScannedForEncodings = 0;
			knownRegions = (
				en,
			);
			mainGroup = A7AEF26E20E67DE0007AD6A4;
			productRefGroup = A7AEF27820E67DE0007AD6A4 /* Products */;
			projectDirPath = "";
			projectRoot = "";
			targets = (
				A7AEF27620E67DE0007AD6A4 /* Sentinel Auto Downloader */,
				A7F4C73C20EF112F004B1E44 /* SAD */,
			);
		};
/* End PBXProject section */

/* Begin PBXSourcesBuildPhase section */
		A7AEF27320E67DE0007AD6A4 /* Sources */ = {
			isa = PBXSourcesBuildPhase;
			buildActionMask = 2147483647;
			files = (
				A7F4C75F20EF11D2004B1E44 /* Search.cpp in Sources */,
				A7F4C75B20EF11D2004B1E44 /* readfile.cpp in Sources */,
				A7F4C76220EF11D2004B1E44 /* Configure.cpp in Sources */,
				A7F4C75A20EF11D2004B1E44 /* SAD.cpp in Sources */,
				A7F4C75C20EF11D2004B1E44 /* fexists.cpp in Sources */,
				A7F4C75520EF11D2004B1E44 /* countline.cpp in Sources */,
				A7F4C75820EF11D2004B1E44 /* ReadProfile.cpp in Sources */,
				A7F4C76120EF11D2004B1E44 /* Product.cpp in Sources */,
				A76226FA2142688F00F2D487 /* download.cpp in Sources */,
				A7F4C75D20EF11D2004B1E44 /* SearchProfile.cpp in Sources */,
				A7F4C75920EF11D2004B1E44 /* CreateProfile.cpp in Sources */,
				A7F4C75720EF11D2004B1E44 /* isnumber.cpp in Sources */,
				A7F4C75620EF11D2004B1E44 /* ReadXML.cpp in Sources */,
			);
			runOnlyForDeploymentPostprocessing = 0;
		};
		A7F4C73920EF112F004B1E44 /* Sources */ = {
			isa = PBXSourcesBuildPhase;
			buildActionMask = 2147483647;
			files = (
			);
			runOnlyForDeploymentPostprocessing = 0;
		};
/* End PBXSourcesBuildPhase section */

/* Begin XCBuildConfiguration section */
		A7AEF27C20E67DE0007AD6A4 /* Debug */ = {
			isa = XCBuildConfiguration;
			buildSettings = {
				ALWAYS_SEARCH_USER_PATHS = NO;
				CLANG_ANALYZER_NONNULL = YES;
				CLANG_ANALYZER_NUMBER_OBJECT_CONVERSION = YES_AGGRESSIVE;
				CLANG_CXX_LANGUAGE_STANDARD = "gnu++14";
				CLANG_CXX_LIBRARY = "libc++";
				CLANG_ENABLE_MODULES = YES;
				CLANG_ENABLE_OBJC_ARC = YES;
				CLANG_ENABLE_OBJC_WEAK = YES;
				CLANG_WARN_BLOCK_CAPTURE_AUTORELEASING = YES;
				CLANG_WARN_BOOL_CONVERSION = YES;
				CLANG_WARN_COMMA = YES;
				CLANG_WARN_CONSTANT_CONVERSION = YES;
				CLANG_WARN_DEPRECATED_OBJC_IMPLEMENTATIONS = YES;
				CLANG_WARN_DIRECT_OBJC_ISA_USAGE = YES_ERROR;
				CLANG_WARN_DOCUMENTATION_COMMENTS = YES;
				CLANG_WARN_EMPTY_BODY = YES;
				CLANG_WARN_ENUM_CONVERSION = YES;
				CLANG_WARN_INFINITE_RECURSION = YES;
				CLANG_WARN_INT_CONVERSION = YES;
				CLANG_WARN_NON_LITERAL_NULL_CONVERSION = YES;
				CLANG_WARN_OBJC_IMPLICIT_RETAIN_SELF = YES;
				CLANG_WARN_OBJC_LITERAL_CONVERSION = YES;
				CLANG_WARN_OBJC_ROOT_CLASS = YES_ERROR;
				CLANG_WARN_RANGE_LOOP_ANALYSIS = YES;
				CLANG_WARN_STRICT_PROTOTYPES = YES;
				CLANG_WARN_SUSPICIOUS_MOVE = YES;
				CLANG_WARN_UNGUARDED_AVAILABILITY = YES_AGGRESSIVE;
				CLANG_WARN_UNREACHABLE_CODE = YES;
				CLANG_WARN__DUPLICATE_METHOD_MATCH = YES;
				CODE_SIGN_IDENTITY = "Mac Developer";
				COPY_PHASE_STRIP = NO;
				DEBUG_INFORMATION_FORMAT = dwarf;
				ENABLE_STRICT_OBJC_MSGSEND = YES;
				ENABLE_TESTABILITY = YES;
				GCC_C_LANGUAGE_STANDARD = gnu11;
				GCC_DYNAMIC_NO_PIC = NO;
				GCC_NO_COMMON_BLOCKS = YES;
				GCC_OPTIMIZATION_LEVEL = 0;
				GCC_PREPROCESSOR_DEFINITIONS = (
					"DEBUG=1",
					"$(inherited)",
				);
				GCC_WARN_64_TO_32_BIT_CONVERSION = YES;
				GCC_WARN_ABOUT_RETURN_TYPE = YES_ERROR;
				GCC_WARN_UNDECLARED_SELECTOR = YES;
				GCC_WARN_UNINITIALIZED_AUTOS = YES_AGGRESSIVE;
				GCC_WARN_UNUSED_FUNCTION = YES;
				GCC_WARN_UNUSED_VARIABLE = YES;
				MACOSX_DEPLOYMENT_TARGET = 10.13;
				MTL_ENABLE_DEBUG_INFO = YES;
				ONLY_ACTIVE_ARCH = YES;
				SDKROOT = macosx;
			};
			name = Debug;
		};
		A7AEF27D20E67DE0007AD6A4 /* Release */ = {
			isa = XCBuildConfiguration;
			buildSettings = {
				ALWAYS_SEARCH_USER_PATHS = NO;
				CLANG_ANALYZER_NONNULL = YES;
				CLANG_ANALYZER_NUMBER_OBJECT_CONVERSION = YES_AGGRESSIVE;
				CLANG_CXX_LANGUAGE_STANDARD = "gnu++14";
				CLANG_CXX_LIBRARY = "libc++";
				CLANG_ENABLE_MODULES = YES;
				CLANG_ENABLE_OBJC_ARC = YES;
				CLANG_ENABLE_OBJC_WEAK = YES;
				CLANG_WARN_BLOCK_CAPTURE_AUTORELEASING = YES;
				CLANG_WARN_BOOL_CONVERSION = YES;
				CLANG_WARN_COMMA = YES;
				CLANG_WARN_CONSTANT_CONVERSION = YES;
				CLANG_WARN_DEPRECATED_OBJC_IMPLEMENTATIONS = YES;
				CLANG_WARN_DIRECT_OBJC_ISA_USAGE = YES_ERROR;
				CLANG_WARN_DOCUMENTATION_COMMENTS = YES;
				CLANG_WARN_EMPTY_BODY = YES;
				CLANG_WARN_ENUM_CONVERSION = YES;
				CLANG_WARN_INFINITE_RECURSION = YES;
				CLANG_WARN_INT_CONVERSION = YES;
				CLANG_WARN_NON_LITERAL_NULL_CONVERSION = YES;
				CLANG_WARN_OBJC_IMPLICIT_RETAIN_SELF = YES;
				CLANG_WARN_OBJC_LITERAL_CONVERSION = YES;
				CLANG_WARN_OBJC_ROOT_CLASS = YES_ERROR;
				CLANG_WARN_RANGE_LOOP_ANALYSIS = YES;
				CLANG_WARN_STRICT_PROTOTYPES = YES;
				CLANG_WARN_SUSPICIOUS_MOVE = YES;
				CLANG_WARN_UNGUARDED_AVAILABILITY = YES_AGGRESSIVE;
				CLANG_WARN_UNREACHABLE_CODE = YES;
				CLANG_WARN__DUPLICATE_METHOD_MATCH = YES;
				CODE_SIGN_IDENTITY = "Mac Developer";
				COPY_PHASE_STRIP = NO;
				DEBUG_INFORMATION_FORMAT = "dwarf-with-dsym";
				ENABLE_NS_ASSERTIONS = NO;
				ENABLE_STRICT_OBJC_MSGSEND = YES;
				GCC_C_LANGUAGE_STANDARD = gnu11;
				GCC_NO_COMMON_BLOCKS = YES;
				GCC_WARN_64_TO_32_BIT_CONVERSION = YES;
				GCC_WARN_ABOUT_RETURN_TYPE = YES_ERROR;
				GCC_WARN_UNDECLARED_SELECTOR = YES;
				GCC_WARN_UNINITIALIZED_AUTOS = YES_AGGRESSIVE;
				GCC_WARN_UNUSED_FUNCTION = YES;
				GCC_WARN_UNUSED_VARIABLE = YES;
				MACOSX_DEPLOYMENT_TARGET = 10.13;
				MTL_ENABLE_DEBUG_INFO = NO;
				SDKROOT = macosx;
			};
			name = Release;
		};
		A7AEF27F20E67DE0007AD6A4 /* Debug */ = {
			isa = XCBuildConfiguration;
			buildSettings = {
				CLANG_CXX_LANGUAGE_STANDARD = "c++17";
				CODE_SIGN_STYLE = Automatic;
				DEVELOPMENT_TEAM = WGCBB83Q4T;
				HEADER_SEARCH_PATHS = "$(PROJECT_DIR)/Sentinel_Auto_Downloader/include";
				LIBRARY_SEARCH_PATHS = "$(PROJECT_DIR)/Sentinel_Auto_Downloader/lib";
				OTHER_LDFLAGS = (
					"-framework",
					CoreFoundation,
					"-framework",
					CoreServices,
				);
				PRODUCT_MODULE_NAME = sad;
				PRODUCT_NAME = sad;
				VALID_ARCHS = x86_64;
			};
			name = Debug;
		};
		A7AEF28020E67DE0007AD6A4 /* Release */ = {
			isa = XCBuildConfiguration;
			buildSettings = {
				CLANG_CXX_LANGUAGE_STANDARD = "c++17";
				CODE_SIGN_STYLE = Automatic;
				DEVELOPMENT_TEAM = WGCBB83Q4T;
				HEADER_SEARCH_PATHS = "$(PROJECT_DIR)/Sentinel_Auto_Downloader/include";
				LIBRARY_SEARCH_PATHS = "$(PROJECT_DIR)/Sentinel_Auto_Downloader/lib";
				OTHER_LDFLAGS = (
					"-framework",
					CoreFoundation,
					"-framework",
					CoreServices,
				);
				PRODUCT_MODULE_NAME = sad;
				PRODUCT_NAME = sad;
				VALID_ARCHS = x86_64;
			};
			name = Release;
		};
		A7F4C74220EF1130004B1E44 /* Debug */ = {
			isa = XCBuildConfiguration;
			buildSettings = {
				CODE_SIGN_STYLE = Automatic;
				DEVELOPMENT_TEAM = WGCBB83Q4T;
				PRODUCT_NAME = "$(TARGET_NAME)";
			};
			name = Debug;
		};
		A7F4C74320EF1130004B1E44 /* Release */ = {
			isa = XCBuildConfiguration;
			buildSettings = {
				CODE_SIGN_STYLE = Automatic;
				DEVELOPMENT_TEAM = WGCBB83Q4T;
				PRODUCT_NAME = "$(TARGET_NAME)";
			};
			name = Release;
		};
/* End XCBuildConfiguration section */

/* Begin XCConfigurationList section */
		A7AEF27220E67DE0007AD6A4 /* Build configuration list for PBXProject "Sentinel Auto Downloader" */ = {
			isa = XCConfigurationList;
			buildConfigurations = (
				A7AEF27C20E67DE0007AD6A4 /* Debug */,
				A7AEF27D20E67DE0007AD6A4 /* Release */,
			);
			defaultConfigurationIsVisible = 0;
			defaultConfigurationName = Release;
		};
		A7AEF27E20E67DE0007AD6A4 /* Build configuration list for PBXNativeTarget "Sentinel Auto Downloader" */ = {
			isa = XCConfigurationList;
			buildConfigurations = (
				A7AEF27F20E67DE0007AD6A4 /* Debug */,
				A7AEF28020E67DE0007AD6A4 /* Release */,
			);
			defaultConfigurationIsVisible = 0;
			defaultConfigurationName = Release;
		};
		A7F4C74120EF1130004B1E44 /* Build configuration list for PBXNativeTarget "SAD" */ = {
			isa = XCConfigurationList;
			buildConfigurations = (
				A7F4C74220EF1130004B1E44 /* Debug */,
				A7F4C74320EF1130004B1E44 /* Release */,
			);
			defaultConfigurationIsVisible = 0;
			defaultConfigurationName = Release;
		};
/* End XCConfigurationList section */
	};
	rootObject = A7AEF26F20E67DE0007AD6A4 /* Project object */;
}
